
Microsoft Visual Studio Solution File, Format Version 12.00
# Visual Studio 14
VisualStudioVersion = 14.0.25420.1
MinimumVisualStudioVersion = 10.0.40219.1
Project("{2150E333-8FDC-42A3-9474-1A3956D46DE8}") = "src", "src", "{FF3DD35E-D0A1-42FF-9AE2-BB1DFB80688F}"
EndProject
Project("{2150E333-8FDC-42A3-9474-1A3956D46DE8}") = "Solution Items", "Solution Items", "{408AF150-6A27-4655-97F3-944842BEE2F9}"
	ProjectSection(SolutionItems) = preProject
		global.json = global.json
	EndProjectSection
EndProject
Project("{8BB2217D-0F2D-49D1-97BC-3654ED321F3B}") = "Roslyn2Famix", "src\Roslyn2Famix\Roslyn2Famix.xproj", "{75C16FC6-B60F-41B2-8CA1-28CAE1D7F686}"
EndProject
Project("{8BB2217D-0F2D-49D1-97BC-3654ED321F3B}") = "Tests", "src\Tests\Tests.xproj", "{10D0C1EF-3C2A-493D-AFED-459EF19EAA99}"
EndProject
Project("{8BB2217D-0F2D-49D1-97BC-3654ED321F3B}") = "Famix", "src\Famix\Famix.xproj", "{AD1D077C-22D7-47F5-83E8-47F6C409EE10}"
EndProject
Project("{FAE04EC0-301F-11D3-BF4B-00C04F79EFBC}") = "Tests.Fixtures", "Tests.Fixtures\Tests.Fixtures.csproj", "{B706AFB6-A6A7-4874-9B88-2D583A250648}"
EndProject
Global
	GlobalSection(SolutionConfigurationPlatforms) = preSolution
		Debug|Any CPU = Debug|Any CPU
		Release|Any CPU = Release|Any CPU
	EndGlobalSection
	GlobalSection(ProjectConfigurationPlatforms) = postSolution
		{75C16FC6-B60F-41B2-8CA1-28CAE1D7F686}.Debug|Any CPU.ActiveCfg = Debug|Any CPU
		{75C16FC6-B60F-41B2-8CA1-28CAE1D7F686}.Debug|Any CPU.Build.0 = Debug|Any CPU
		{75C16FC6-B60F-41B2-8CA1-28CAE1D7F686}.Release|Any CPU.ActiveCfg = Release|Any CPU
		{75C16FC6-B60F-41B2-8CA1-28CAE1D7F686}.Release|Any CPU.Build.0 = Release|Any CPU
		{10D0C1EF-3C2A-493D-AFED-459EF19EAA99}.Debug|Any CPU.ActiveCfg = Debug|Any CPU
		{10D0C1EF-3C2A-493D-AFED-459EF19EAA99}.Debug|Any CPU.Build.0 = Debug|Any CPU
		{10D0C1EF-3C2A-493D-AFED-459EF19EAA99}.Release|Any CPU.ActiveCfg = Release|Any CPU
		{10D0C1EF-3C2A-493D-AFED-459EF19EAA99}.Release|Any CPU.Build.0 = Release|Any CPU
		{AD1D077C-22D7-47F5-83E8-47F6C409EE10}.Debug|Any CPU.ActiveCfg = Debug|Any CPU
		{AD1D077C-22D7-47F5-83E8-47F6C409EE10}.Debug|Any CPU.Build.0 = Debug|Any CPU
		{AD1D077C-22D7-47F5-83E8-47F6C409EE10}.Release|Any CPU.ActiveCfg = Release|Any CPU
		{AD1D077C-22D7-47F5-83E8-47F6C409EE10}.Release|Any CPU.Build.0 = Release|Any CPU
		{B706AFB6-A6A7-4874-9B88-2D583A250648}.Debug|Any CPU.ActiveCfg = Debug|Any CPU
		{B706AFB6-A6A7-4874-9B88-2D583A250648}.Debug|Any CPU.Build.0 = Debug|Any CPU
		{B706AFB6-A6A7-4874-9B88-2D583A250648}.Release|Any CPU.ActiveCfg = Release|Any CPU
		{B706AFB6-A6A7-4874-9B88-2D583A250648}.Release|Any CPU.Build.0 = Release|Any CPU
	EndGlobalSection
	GlobalSection(SolutionProperties) = preSolution
		HideSolutionNode = FALSE
	EndGlobalSection
	GlobalSection(NestedProjects) = preSolution
		{75C16FC6-B60F-41B2-8CA1-28CAE1D7F686} = {FF3DD35E-D0A1-42FF-9AE2-BB1DFB80688F}
		{10D0C1EF-3C2A-493D-AFED-459EF19EAA99} = {FF3DD35E-D0A1-42FF-9AE2-BB1DFB80688F}
		{AD1D077C-22D7-47F5-83E8-47F6C409EE10} = {FF3DD35E-D0A1-42FF-9AE2-BB1DFB80688F}
	EndGlobalSection
EndGlobal
